
Microsoft Visual Studio Solution File, Format Version 12.00
# Visual Studio 2012
Project("{FAE04EC0-301F-11D3-BF4B-00C04F79EFBC}") = "Salsbokningssystem", "Salsbokningssystem\Salsbokningssystem.csproj", "{81B5B341-5DDE-445E-8165-838766BEAFC3}"
EndProject
Global
	GlobalSection(SolutionConfigurationPlatforms) = preSolution
		Debug|Any CPU = Debug|Any CPU
		Release|Any CPU = Release|Any CPU
	EndGlobalSection
	GlobalSection(ProjectConfigurationPlatforms) = postSolution
		{81B5B341-5DDE-445E-8165-838766BEAFC3}.Debug|Any CPU.ActiveCfg = Debug|Any CPU
		{81B5B341-5DDE-445E-8165-838766BEAFC3}.Debug|Any CPU.Build.0 = Debug|Any CPU
		{81B5B341-5DDE-445E-8165-838766BEAFC3}.Release|Any CPU.ActiveCfg = Release|Any CPU
		{81B5B341-5DDE-445E-8165-838766BEAFC3}.Release|Any CPU.Build.0 = Release|Any CPU
	EndGlobalSection
	GlobalSection(SolutionProperties) = preSolution
		HideSolutionNode = FALSE
	EndGlobalSection
EndGlobal
